
Microsoft Visual Studio Solution File, Format Version 12.00
# Visual Studio Version 16
VisualStudioVersion = 16.0.28922.388
MinimumVisualStudioVersion = 10.0.40219.1
Project("{9A19103F-16F7-4668-BE54-9A1E7A4F7556}") = "Arium", "src\Arium\Arium.csproj", "{31733CEB-9CE3-49A5-AEAA-B9E7157CF49F}"
EndProject
Project("{9A19103F-16F7-4668-BE54-9A1E7A4F7556}") = "Paramium", "src\Paramium\Paramium.csproj", "{2FF10B9F-9E45-47CD-844D-715AC78103E6}"
EndProject
Project("{2150E333-8FDC-42A3-9474-1A3956D46DE8}") = "tests", "tests", "{E8AB87A3-40AE-4BC3-9D5B-D91A1EF20528}"
EndProject
Project("{2150E333-8FDC-42A3-9474-1A3956D46DE8}") = "apps", "apps", "{3B5303DF-F5A2-42B4-AD79-0312DAEB699B}"
EndProject
Project("{FAE04EC0-301F-11D3-BF4B-00C04F79EFBC}") = "IC.Tests.App", "tests\IC.Tests.App\IC.Tests.App.csproj", "{412CA4A0-0876-4522-BBC4-98BEBBAC2556}"
EndProject
Project("{9A19103F-16F7-4668-BE54-9A1E7A4F7556}") = "IC.Tests.App.Poms", "tests\IC.Tests.App.Poms\IC.Tests.App.Poms.csproj", "{38E50D56-EE60-4BC9-926E-A8500BBE0C0A}"
EndProject
Project("{9A19103F-16F7-4668-BE54-9A1E7A4F7556}") = "IC.TimeoutEx", "src\IC.TimeoutEx\IC.TimeoutEx.csproj", "{ED8220D9-E3A9-4B6B-A54A-4B6C6930DCB6}"
EndProject
Project("{9A19103F-16F7-4668-BE54-9A1E7A4F7556}") = "IC.TimeoutEx.UnitTests", "tests\IC.TimeoutEx.UnitTests\IC.TimeoutEx.UnitTests.csproj", "{AA2B0E68-1C1D-4357-921D-A1DD18E3B258}"
EndProject
Project("{9A19103F-16F7-4668-BE54-9A1E7A4F7556}") = "Paramium.UnitTests", "tests\ParamiumUnitTests\Paramium.UnitTests.csproj", "{C8783CD8-E17F-461C-A4E5-BD9E68D57A05}"
EndProject
Project("{9A19103F-16F7-4668-BE54-9A1E7A4F7556}") = "Arium.UITests", "tests\AriumUITests\Arium.UITests.csproj", "{57DB52F6-75D7-41CB-B622-910E5CA215A3}"
EndProject
Global
	GlobalSection(SolutionConfigurationPlatforms) = preSolution
		Debug|Any CPU = Debug|Any CPU
		Release|Any CPU = Release|Any CPU
	EndGlobalSection
	GlobalSection(ProjectConfigurationPlatforms) = postSolution
		{31733CEB-9CE3-49A5-AEAA-B9E7157CF49F}.Debug|Any CPU.ActiveCfg = Debug|Any CPU
		{31733CEB-9CE3-49A5-AEAA-B9E7157CF49F}.Debug|Any CPU.Build.0 = Debug|Any CPU
		{31733CEB-9CE3-49A5-AEAA-B9E7157CF49F}.Release|Any CPU.ActiveCfg = Release|Any CPU
		{31733CEB-9CE3-49A5-AEAA-B9E7157CF49F}.Release|Any CPU.Build.0 = Release|Any CPU
		{2FF10B9F-9E45-47CD-844D-715AC78103E6}.Debug|Any CPU.ActiveCfg = Debug|Any CPU
		{2FF10B9F-9E45-47CD-844D-715AC78103E6}.Debug|Any CPU.Build.0 = Debug|Any CPU
		{2FF10B9F-9E45-47CD-844D-715AC78103E6}.Release|Any CPU.ActiveCfg = Release|Any CPU
		{2FF10B9F-9E45-47CD-844D-715AC78103E6}.Release|Any CPU.Build.0 = Release|Any CPU
		{412CA4A0-0876-4522-BBC4-98BEBBAC2556}.Debug|Any CPU.ActiveCfg = Debug|Any CPU
		{412CA4A0-0876-4522-BBC4-98BEBBAC2556}.Debug|Any CPU.Build.0 = Debug|Any CPU
		{412CA4A0-0876-4522-BBC4-98BEBBAC2556}.Release|Any CPU.ActiveCfg = Release|Any CPU
		{412CA4A0-0876-4522-BBC4-98BEBBAC2556}.Release|Any CPU.Build.0 = Release|Any CPU
		{38E50D56-EE60-4BC9-926E-A8500BBE0C0A}.Debug|Any CPU.ActiveCfg = Debug|Any CPU
		{38E50D56-EE60-4BC9-926E-A8500BBE0C0A}.Debug|Any CPU.Build.0 = Debug|Any CPU
		{38E50D56-EE60-4BC9-926E-A8500BBE0C0A}.Release|Any CPU.ActiveCfg = Release|Any CPU
		{38E50D56-EE60-4BC9-926E-A8500BBE0C0A}.Release|Any CPU.Build.0 = Release|Any CPU
		{ED8220D9-E3A9-4B6B-A54A-4B6C6930DCB6}.Debug|Any CPU.ActiveCfg = Debug|Any CPU
		{ED8220D9-E3A9-4B6B-A54A-4B6C6930DCB6}.Debug|Any CPU.Build.0 = Debug|Any CPU
		{ED8220D9-E3A9-4B6B-A54A-4B6C6930DCB6}.Release|Any CPU.ActiveCfg = Release|Any CPU
		{ED8220D9-E3A9-4B6B-A54A-4B6C6930DCB6}.Release|Any CPU.Build.0 = Release|Any CPU
		{AA2B0E68-1C1D-4357-921D-A1DD18E3B258}.Debug|Any CPU.ActiveCfg = Debug|Any CPU
		{AA2B0E68-1C1D-4357-921D-A1DD18E3B258}.Debug|Any CPU.Build.0 = Debug|Any CPU
		{AA2B0E68-1C1D-4357-921D-A1DD18E3B258}.Release|Any CPU.ActiveCfg = Release|Any CPU
		{AA2B0E68-1C1D-4357-921D-A1DD18E3B258}.Release|Any CPU.Build.0 = Release|Any CPU
		{C8783CD8-E17F-461C-A4E5-BD9E68D57A05}.Debug|Any CPU.ActiveCfg = Debug|Any CPU
		{C8783CD8-E17F-461C-A4E5-BD9E68D57A05}.Debug|Any CPU.Build.0 = Debug|Any CPU
		{C8783CD8-E17F-461C-A4E5-BD9E68D57A05}.Release|Any CPU.ActiveCfg = Release|Any CPU
		{C8783CD8-E17F-461C-A4E5-BD9E68D57A05}.Release|Any CPU.Build.0 = Release|Any CPU
		{57DB52F6-75D7-41CB-B622-910E5CA215A3}.Debug|Any CPU.ActiveCfg = Debug|Any CPU
		{57DB52F6-75D7-41CB-B622-910E5CA215A3}.Debug|Any CPU.Build.0 = Debug|Any CPU
		{57DB52F6-75D7-41CB-B622-910E5CA215A3}.Release|Any CPU.ActiveCfg = Release|Any CPU
		{57DB52F6-75D7-41CB-B622-910E5CA215A3}.Release|Any CPU.Build.0 = Release|Any CPU
	EndGlobalSection
	GlobalSection(SolutionProperties) = preSolution
		HideSolutionNode = FALSE
	EndGlobalSection
	GlobalSection(NestedProjects) = preSolution
		{3B5303DF-F5A2-42B4-AD79-0312DAEB699B} = {E8AB87A3-40AE-4BC3-9D5B-D91A1EF20528}
		{412CA4A0-0876-4522-BBC4-98BEBBAC2556} = {3B5303DF-F5A2-42B4-AD79-0312DAEB699B}
		{38E50D56-EE60-4BC9-926E-A8500BBE0C0A} = {3B5303DF-F5A2-42B4-AD79-0312DAEB699B}
		{AA2B0E68-1C1D-4357-921D-A1DD18E3B258} = {E8AB87A3-40AE-4BC3-9D5B-D91A1EF20528}
		{C8783CD8-E17F-461C-A4E5-BD9E68D57A05} = {E8AB87A3-40AE-4BC3-9D5B-D91A1EF20528}
		{57DB52F6-75D7-41CB-B622-910E5CA215A3} = {E8AB87A3-40AE-4BC3-9D5B-D91A1EF20528}
	EndGlobalSection
	GlobalSection(ExtensibilityGlobals) = postSolution
		SolutionGuid = {3F88DC7E-C038-4CE9-94D5-2CAF70FBC4FC}
	EndGlobalSection
EndGlobal
